
Microsoft Visual Studio Solution File, Format Version 12.00
# Visual Studio 15
VisualStudioVersion = 15.0.27703.2047
MinimumVisualStudioVersion = 10.0.40219.1
Project("{F184B08F-C81C-45F6-A57F-5ABD9991F28F}") = "SYSUTNJCP", "SYSUTNJCP.vbproj", "{6A43FCD8-DFAE-4B86-BC52-7AB106FA4A93}"
EndProject
Global
	GlobalSection(SolutionConfigurationPlatforms) = preSolution
		Debug|Any CPU = Debug|Any CPU
		Release|Any CPU = Release|Any CPU
	EndGlobalSection
	GlobalSection(ProjectConfigurationPlatforms) = postSolution
		{6A43FCD8-DFAE-4B86-BC52-7AB106FA4A93}.Debug|Any CPU.ActiveCfg = Debug|Any CPU
		{6A43FCD8-DFAE-4B86-BC52-7AB106FA4A93}.Debug|Any CPU.Build.0 = Debug|Any CPU
		{6A43FCD8-DFAE-4B86-BC52-7AB106FA4A93}.Release|Any CPU.ActiveCfg = Release|Any CPU
		{6A43FCD8-DFAE-4B86-BC52-7AB106FA4A93}.Release|Any CPU.Build.0 = Release|Any CPU
	EndGlobalSection
	GlobalSection(SolutionProperties) = preSolution
		HideSolutionNode = FALSE
	EndGlobalSection
	GlobalSection(ExtensibilityGlobals) = postSolution
		SolutionGuid = {66CB1546-91D7-4EC8-A46C-A7C1F4AF6746}
	EndGlobalSection
EndGlobal
